// !$*UTF8*$!
{
	archiveVersion = 1;
	classes = {
	};
	objectVersion = 56;
	objects = {

/* Begin PBXBuildFile section */
		65DC87C128E487570005A821 /* HW2App.swift in Sources */ = {isa = PBXBuildFile; fileRef = 65DC87C028E487570005A821 /* HW2App.swift */; };
		65DC87C328E487570005A821 /* ContentView.swift in Sources */ = {isa = PBXBuildFile; fileRef = 65DC87C228E487570005A821 /* ContentView.swift */; };
		65DC87C528E487580005A821 /* Assets.xcassets in Resources */ = {isa = PBXBuildFile; fileRef = 65DC87C428E487580005A821 /* Assets.xcassets */; };
		65DC87C828E487580005A821 /* Preview Assets.xcassets in Resources */ = {isa = PBXBuildFile; fileRef = 65DC87C728E487580005A821 /* Preview Assets.xcassets */; };
		65DC87D228E487580005A821 /* HW2Tests.swift in Sources */ = {isa = PBXBuildFile; fileRef = 65DC87D128E487580005A821 /* HW2Tests.swift */; };
		65DC87DC28E487580005A821 /* HW2UITests.swift in Sources */ = {isa = PBXBuildFile; fileRef = 65DC87DB28E487580005A821 /* HW2UITests.swift */; };
		65DC87DE28E487580005A821 /* HW2UITestsLaunchTests.swift in Sources */ = {isa = PBXBuildFile; fileRef = 65DC87DD28E487580005A821 /* HW2UITestsLaunchTests.swift */; };
/* End PBXBuildFile section */

/* Begin PBXContainerItemProxy section */
		65DC87CE28E487580005A821 /* PBXContainerItemProxy */ = {
			isa = PBXContainerItemProxy;
			containerPortal = 65DC87B528E487570005A821 /* Project object */;
			proxyType = 1;
			remoteGlobalIDString = 65DC87BC28E487570005A821;
			remoteInfo = HW2;
		};
		65DC87D828E487580005A821 /* PBXContainerItemProxy */ = {
			isa = PBXContainerItemProxy;
			containerPortal = 65DC87B528E487570005A821 /* Project object */;
			proxyType = 1;
			remoteGlobalIDString = 65DC87BC28E487570005A821;
			remoteInfo = HW2;
		};
/* End PBXContainerItemProxy section */

/* Begin PBXFileReference section */
		65DC87BD28E487570005A821 /* HW2.app */ = {isa = PBXFileReference; explicitFileType = wrapper.application; includeInIndex = 0; path = HW2.app; sourceTree = BUILT_PRODUCTS_DIR; };
		65DC87C028E487570005A821 /* HW2App.swift */ = {isa = PBXFileReference; lastKnownFileType = sourcecode.swift; path = HW2App.swift; sourceTree = "<group>"; };
		65DC87C228E487570005A821 /* ContentView.swift */ = {isa = PBXFileReference; lastKnownFileType = sourcecode.swift; path = ContentView.swift; sourceTree = "<group>"; };
		65DC87C428E487580005A821 /* Assets.xcassets */ = {isa = PBXFileReference; lastKnownFileType = folder.assetcatalog; path = Assets.xcassets; sourceTree = "<group>"; };
		65DC87C728E487580005A821 /* Preview Assets.xcassets */ = {isa = PBXFileReference; lastKnownFileType = folder.assetcatalog; path = "Preview Assets.xcassets"; sourceTree = "<group>"; };
		65DC87CD28E487580005A821 /* HW2Tests.xctest */ = {isa = PBXFileReference; explicitFileType = wrapper.cfbundle; includeInIndex = 0; path = HW2Tests.xctest; sourceTree = BUILT_PRODUCTS_DIR; };
		65DC87D128E487580005A821 /* HW2Tests.swift */ = {isa = PBXFileReference; lastKnownFileType = sourcecode.swift; path = HW2Tests.swift; sourceTree = "<group>"; };
		65DC87D728E487580005A821 /* HW2UITests.xctest */ = {isa = PBXFileReference; explicitFileType = wrapper.cfbundle; includeInIndex = 0; path = HW2UITests.xctest; sourceTree = BUILT_PRODUCTS_DIR; };
		65DC87DB28E487580005A821 /* HW2UITests.swift */ = {isa = PBXFileReference; lastKnownFileType = sourcecode.swift; path = HW2UITests.swift; sourceTree = "<group>"; };
		65DC87DD28E487580005A821 /* HW2UITestsLaunchTests.swift */ = {isa = PBXFileReference; lastKnownFileType = sourcecode.swift; path = HW2UITestsLaunchTests.swift; sourceTree = "<group>"; };
/* End PBXFileReference section */

/* Begin PBXFrameworksBuildPhase section */
		65DC87BA28E487570005A821 /* Frameworks */ = {
			isa = PBXFrameworksBuildPhase;
			buildActionMask = 2147483647;
			files = (
			);
			runOnlyForDeploymentPostprocessing = 0;
		};
		65DC87CA28E487580005A821 /* Frameworks */ = {
			isa = PBXFrameworksBuildPhase;
			buildActionMask = 2147483647;
			files = (
			);
			runOnlyForDeploymentPostprocessing = 0;
		};
		65DC87D428E487580005A821 /* Frameworks */ = {
			isa = PBXFrameworksBuildPhase;
			buildActionMask = 2147483647;
			files = (
			);
			runOnlyForDeploymentPostprocessing = 0;
		};
/* End PBXFrameworksBuildPhase section */

/* Begin PBXGroup section */
		65DC87B428E487570005A821 = {
			isa = PBXGroup;
			children = (
				65DC87BF28E487570005A821 /* HW2 */,
				65DC87D028E487580005A821 /* HW2Tests */,
				65DC87DA28E487580005A821 /* HW2UITests */,
				65DC87BE28E487570005A821 /* Products */,
			);
			sourceTree = "<group>";
		};
		65DC87BE28E487570005A821 /* Products */ = {
			isa = PBXGroup;
			children = (
				65DC87BD28E487570005A821 /* HW2.app */,
				65DC87CD28E487580005A821 /* HW2Tests.xctest */,
				65DC87D728E487580005A821 /* HW2UITests.xctest */,
			);
			name = Products;
			sourceTree = "<group>";
		};
		65DC87BF28E487570005A821 /* HW2 */ = {
			isa = PBXGroup;
			children = (
				65DC87C028E487570005A821 /* HW2App.swift */,
				65DC87C228E487570005A821 /* ContentView.swift */,
				65DC87C428E487580005A821 /* Assets.xcassets */,
				65DC87C628E487580005A821 /* Preview Content */,
			);
			path = HW2;
			sourceTree = "<group>";
		};
		65DC87C628E487580005A821 /* Preview Content */ = {
			isa = PBXGroup;
			children = (
				65DC87C728E487580005A821 /* Preview Assets.xcassets */,
			);
			path = "Preview Content";
			sourceTree = "<group>";
		};
		65DC87D028E487580005A821 /* HW2Tests */ = {
			isa = PBXGroup;
			children = (
				65DC87D128E487580005A821 /* HW2Tests.swift */,
			);
			path = HW2Tests;
			sourceTree = "<group>";
		};
		65DC87DA28E487580005A821 /* HW2UITests */ = {
			isa = PBXGroup;
			children = (
				65DC87DB28E487580005A821 /* HW2UITests.swift */,
				65DC87DD28E487580005A821 /* HW2UITestsLaunchTests.swift */,
			);
			path = HW2UITests;
			sourceTree = "<group>";
		};
/* End PBXGroup section */

/* Begin PBXNativeTarget section */
		65DC87BC28E487570005A821 /* HW2 */ = {
			isa = PBXNativeTarget;
			buildConfigurationList = 65DC87E128E487580005A821 /* Build configuration list for PBXNativeTarget "HW2" */;
			buildPhases = (
				65DC87B928E487570005A821 /* Sources */,
				65DC87BA28E487570005A821 /* Frameworks */,
				65DC87BB28E487570005A821 /* Resources */,
			);
			buildRules = (
			);
			dependencies = (
			);
			name = HW2;
			productName = HW2;
			productReference = 65DC87BD28E487570005A821 /* HW2.app */;
			productType = "com.apple.product-type.application";
		};
		65DC87CC28E487580005A821 /* HW2Tests */ = {
			isa = PBXNativeTarget;
			buildConfigurationList = 65DC87E428E487580005A821 /* Build configuration list for PBXNativeTarget "HW2Tests" */;
			buildPhases = (
				65DC87C928E487580005A821 /* Sources */,
				65DC87CA28E487580005A821 /* Frameworks */,
				65DC87CB28E487580005A821 /* Resources */,
			);
			buildRules = (
			);
			dependencies = (
				65DC87CF28E487580005A821 /* PBXTargetDependency */,
			);
			name = HW2Tests;
			productName = HW2Tests;
			productReference = 65DC87CD28E487580005A821 /* HW2Tests.xctest */;
			productType = "com.apple.product-type.bundle.unit-test";
		};
		65DC87D628E487580005A821 /* HW2UITests */ = {
			isa = PBXNativeTarget;
			buildConfigurationList = 65DC87E728E487580005A821 /* Build configuration list for PBXNativeTarget "HW2UITests" */;
			buildPhases = (
				65DC87D328E487580005A821 /* Sources */,
				65DC87D428E487580005A821 /* Frameworks */,
				65DC87D528E487580005A821 /* Resources */,
			);
			buildRules = (
			);
			dependencies = (
				65DC87D928E487580005A821 /* PBXTargetDependency */,
			);
			name = HW2UITests;
			productName = HW2UITests;
			productReference = 65DC87D728E487580005A821 /* HW2UITests.xctest */;
			productType = "com.apple.product-type.bundle.ui-testing";
		};
/* End PBXNativeTarget section */

/* Begin PBXProject section */
		65DC87B528E487570005A821 /* Project object */ = {
			isa = PBXProject;
			attributes = {
				BuildIndependentTargetsInParallel = 1;
				LastSwiftUpdateCheck = 1400;
				LastUpgradeCheck = 1400;
				TargetAttributes = {
					65DC87BC28E487570005A821 = {
						CreatedOnToolsVersion = 14.0;
					};
					65DC87CC28E487580005A821 = {
						CreatedOnToolsVersion = 14.0;
						TestTargetID = 65DC87BC28E487570005A821;
					};
					65DC87D628E487580005A821 = {
						CreatedOnToolsVersion = 14.0;
						TestTargetID = 65DC87BC28E487570005A821;
					};
				};
			};
			buildConfigurationList = 65DC87B828E487570005A821 /* Build configuration list for PBXProject "HW2" */;
			compatibilityVersion = "Xcode 14.0";
			developmentRegion = en;
			hasScannedForEncodings = 0;
			knownRegions = (
				en,
				Base,
			);
			mainGroup = 65DC87B428E487570005A821;
			productRefGroup = 65DC87BE28E487570005A821 /* Products */;
			projectDirPath = "";
			projectRoot = "";
			targets = (
				65DC87BC28E487570005A821 /* HW2 */,
				65DC87CC28E487580005A821 /* HW2Tests */,
				65DC87D628E487580005A821 /* HW2UITests */,
			);
		};
/* End PBXProject section */

/* Begin PBXResourcesBuildPhase section */
		65DC87BB28E487570005A821 /* Resources */ = {
			isa = PBXResourcesBuildPhase;
			buildActionMask = 2147483647;
			files = (
				65DC87C828E487580005A821 /* Preview Assets.xcassets in Resources */,
				65DC87C528E487580005A821 /* Assets.xcassets in Resources */,
			);
			runOnlyForDeploymentPostprocessing = 0;
		};
		65DC87CB28E487580005A821 /* Resources */ = {
			isa = PBXResourcesBuildPhase;
			buildActionMask = 2147483647;
			files = (
			);
			runOnlyForDeploymentPostprocessing = 0;
		};
		65DC87D528E487580005A821 /* Resources */ = {
			isa = PBXResourcesBuildPhase;
			buildActionMask = 2147483647;
			files = (
			);
			runOnlyForDeploymentPostprocessing = 0;
		};
/* End PBXResourcesBuildPhase section */

/* Begin PBXSourcesBuildPhase section */
		65DC87B928E487570005A821 /* Sources */ = {
			isa = PBXSourcesBuildPhase;
			buildActionMask = 2147483647;
			files = (
				65DC87C328E487570005A821 /* ContentView.swift in Sources */,
				65DC87C128E487570005A821 /* HW2App.swift in Sources */,
			);
			runOnlyForDeploymentPostprocessing = 0;
		};
		65DC87C928E487580005A821 /* Sources */ = {
			isa = PBXSourcesBuildPhase;
			buildActionMask = 2147483647;
			files = (
				65DC87D228E487580005A821 /* HW2Tests.swift in Sources */,
			);
			runOnlyForDeploymentPostprocessing = 0;
		};
		65DC87D328E487580005A821 /* Sources */ = {
			isa = PBXSourcesBuildPhase;
			buildActionMask = 2147483647;
			files = (
				65DC87DE28E487580005A821 /* HW2UITestsLaunchTests.swift in Sources */,
				65DC87DC28E487580005A821 /* HW2UITests.swift in Sources */,
			);
			runOnlyForDeploymentPostprocessing = 0;
		};
/* End PBXSourcesBuildPhase section */

/* Begin PBXTargetDependency section */
		65DC87CF28E487580005A821 /* PBXTargetDependency */ = {
			isa = PBXTargetDependency;
			target = 65DC87BC28E487570005A821 /* HW2 */;
			targetProxy = 65DC87CE28E487580005A821 /* PBXContainerItemProxy */;
		};
		65DC87D928E487580005A821 /* PBXTargetDependency */ = {
			isa = PBXTargetDependency;
			target = 65DC87BC28E487570005A821 /* HW2 */;
			targetProxy = 65DC87D828E487580005A821 /* PBXContainerItemProxy */;
		};
/* End PBXTargetDependency section */

/* Begin XCBuildConfiguration section */
		65DC87DF28E487580005A821 /* Debug */ = {
			isa = XCBuildConfiguration;
			buildSettings = {
				ALWAYS_SEARCH_USER_PATHS = NO;
				CLANG_ANALYZER_NONNULL = YES;
				CLANG_ANALYZER_NUMBER_OBJECT_CONVERSION = YES_AGGRESSIVE;
				CLANG_CXX_LANGUAGE_STANDARD = "gnu++20";
				CLANG_ENABLE_MODULES = YES;
				CLANG_ENABLE_OBJC_ARC = YES;
				CLANG_ENABLE_OBJC_WEAK = YES;
				CLANG_WARN_BLOCK_CAPTURE_AUTORELEASING = YES;
				CLANG_WARN_BOOL_CONVERSION = YES;
				CLANG_WARN_COMMA = YES;
				CLANG_WARN_CONSTANT_CONVERSION = YES;
				CLANG_WARN_DEPRECATED_OBJC_IMPLEMENTATIONS = YES;
				CLANG_WARN_DIRECT_OBJC_ISA_USAGE = YES_ERROR;
				CLANG_WARN_DOCUMENTATION_COMMENTS = YES;
				CLANG_WARN_EMPTY_BODY = YES;
				CLANG_WARN_ENUM_CONVERSION = YES;
				CLANG_WARN_INFINITE_RECURSION = YES;
				CLANG_WARN_INT_CONVERSION = YES;
				CLANG_WARN_NON_LITERAL_NULL_CONVERSION = YES;
				CLANG_WARN_OBJC_IMPLICIT_RETAIN_SELF = YES;
				CLANG_WARN_OBJC_LITERAL_CONVERSION = YES;
				CLANG_WARN_OBJC_ROOT_CLASS = YES_ERROR;
				CLANG_WARN_QUOTED_INCLUDE_IN_FRAMEWORK_HEADER = YES;
				CLANG_WARN_RANGE_LOOP_ANALYSIS = YES;
				CLANG_WARN_STRICT_PROTOTYPES = YES;
				CLANG_WARN_SUSPICIOUS_MOVE = YES;
				CLANG_WARN_UNGUARDED_AVAILABILITY = YES_AGGRESSIVE;
				CLANG_WARN_UNREACHABLE_CODE = YES;
				CLANG_WARN__DUPLICATE_METHOD_MATCH = YES;
				COPY_PHASE_STRIP = NO;
				DEBUG_INFORMATION_FORMAT = dwarf;
				ENABLE_STRICT_OBJC_MSGSEND = YES;
				ENABLE_TESTABILITY = YES;
				GCC_C_LANGUAGE_STANDARD = gnu11;
				GCC_DYNAMIC_NO_PIC = NO;
				GCC_NO_COMMON_BLOCKS = YES;
				GCC_OPTIMIZATION_LEVEL = 0;
				GCC_PREPROCESSOR_DEFINITIONS = (
					"DEBUG=1",
					"$(inherited)",
				);
				GCC_WARN_64_TO_32_BIT_CONVERSION = YES;
				GCC_WARN_ABOUT_RETURN_TYPE = YES_ERROR;
				GCC_WARN_UNDECLARED_SELECTOR = YES;
				GCC_WARN_UNINITIALIZED_AUTOS = YES_AGGRESSIVE;
				GCC_WARN_UNUSED_FUNCTION = YES;
				GCC_WARN_UNUSED_VARIABLE = YES;
				IPHONEOS_DEPLOYMENT_TARGET = 16.0;
				MTL_ENABLE_DEBUG_INFO = INCLUDE_SOURCE;
				MTL_FAST_MATH = YES;
				ONLY_ACTIVE_ARCH = YES;
				SDKROOT = iphoneos;
				SWIFT_ACTIVE_COMPILATION_CONDITIONS = DEBUG;
				SWIFT_OPTIMIZATION_LEVEL = "-Onone";
			};
			name = Debug;
		};
		65DC87E028E487580005A821 /* Release */ = {
			isa = XCBuildConfiguration;
			buildSettings = {
				ALWAYS_SEARCH_USER_PATHS = NO;
				CLANG_ANALYZER_NONNULL = YES;
				CLANG_ANALYZER_NUMBER_OBJECT_CONVERSION = YES_AGGRESSIVE;
				CLANG_CXX_LANGUAGE_STANDARD = "gnu++20";
				CLANG_ENABLE_MODULES = YES;
				CLANG_ENABLE_OBJC_ARC = YES;
				CLANG_ENABLE_OBJC_WEAK = YES;
				CLANG_WARN_BLOCK_CAPTURE_AUTORELEASING = YES;
				CLANG_WARN_BOOL_CONVERSION = YES;
				CLANG_WARN_COMMA = YES;
				CLANG_WARN_CONSTANT_CONVERSION = YES;
				CLANG_WARN_DEPRECATED_OBJC_IMPLEMENTATIONS = YES;
				CLANG_WARN_DIRECT_OBJC_ISA_USAGE = YES_ERROR;
				CLANG_WARN_DOCUMENTATION_COMMENTS = YES;
				CLANG_WARN_EMPTY_BODY = YES;
				CLANG_WARN_ENUM_CONVERSION = YES;
				CLANG_WARN_INFINITE_RECURSION = YES;
				CLANG_WARN_INT_CONVERSION = YES;
				CLANG_WARN_NON_LITERAL_NULL_CONVERSION = YES;
				CLANG_WARN_OBJC_IMPLICIT_RETAIN_SELF = YES;
				CLANG_WARN_OBJC_LITERAL_CONVERSION = YES;
				CLANG_WARN_OBJC_ROOT_CLASS = YES_ERROR;
				CLANG_WARN_QUOTED_INCLUDE_IN_FRAMEWORK_HEADER = YES;
				CLANG_WARN_RANGE_LOOP_ANALYSIS = YES;
				CLANG_WARN_STRICT_PROTOTYPES = YES;
				CLANG_WARN_SUSPICIOUS_MOVE = YES;
				CLANG_WARN_UNGUARDED_AVAILABILITY = YES_AGGRESSIVE;
				CLANG_WARN_UNREACHABLE_CODE = YES;
				CLANG_WARN__DUPLICATE_METHOD_MATCH = YES;
				COPY_PHASE_STRIP = NO;
				DEBUG_INFORMATION_FORMAT = "dwarf-with-dsym";
				ENABLE_NS_ASSERTIONS = NO;
				ENABLE_STRICT_OBJC_MSGSEND = YES;
				GCC_C_LANGUAGE_STANDARD = gnu11;
				GCC_NO_COMMON_BLOCKS = YES;
				GCC_WARN_64_TO_32_BIT_CONVERSION = YES;
				GCC_WARN_ABOUT_RETURN_TYPE = YES_ERROR;
				GCC_WARN_UNDECLARED_SELECTOR = YES;
				GCC_WARN_UNINITIALIZED_AUTOS = YES_AGGRESSIVE;
				GCC_WARN_UNUSED_FUNCTION = YES;
				GCC_WARN_UNUSED_VARIABLE = YES;
				IPHONEOS_DEPLOYMENT_TARGET = 16.0;
				MTL_ENABLE_DEBUG_INFO = NO;
				MTL_FAST_MATH = YES;
				SDKROOT = iphoneos;
				SWIFT_COMPILATION_MODE = wholemodule;
				SWIFT_OPTIMIZATION_LEVEL = "-O";
				VALIDATE_PRODUCT = YES;
			};
			name = Release;
		};
		65DC87E228E487580005A821 /* Debug */ = {
			isa = XCBuildConfiguration;
			buildSettings = {
				ASSETCATALOG_COMPILER_APPICON_NAME = AppIcon;
				ASSETCATALOG_COMPILER_GLOBAL_ACCENT_COLOR_NAME = AccentColor;
				CODE_SIGN_STYLE = Automatic;
				CURRENT_PROJECT_VERSION = 1;
				DEVELOPMENT_ASSET_PATHS = "\"HW2/Preview Content\"";
				DEVELOPMENT_TEAM = LGX8P48XXH;
				ENABLE_PREVIEWS = YES;
				GENERATE_INFOPLIST_FILE = YES;
				INFOPLIST_KEY_UIApplicationSceneManifest_Generation = YES;
				INFOPLIST_KEY_UIApplicationSupportsIndirectInputEvents = YES;
				INFOPLIST_KEY_UILaunchScreen_Generation = YES;
				INFOPLIST_KEY_UISupportedInterfaceOrientations_iPad = "UIInterfaceOrientationPortrait UIInterfaceOrientationPortraitUpsideDown UIInterfaceOrientationLandscapeLeft UIInterfaceOrientationLandscapeRight";
				INFOPLIST_KEY_UISupportedInterfaceOrientations_iPhone = "UIInterfaceOrientationPortrait UIInterfaceOrientationLandscapeLeft UIInterfaceOrientationLandscapeRight";
				LD_RUNPATH_SEARCH_PATHS = (
					"$(inherited)",
					"@executable_path/Frameworks",
				);
				MARKETING_VERSION = 1.0;
				PRODUCT_BUNDLE_IDENTIFIER = Tommy.HW2;
				PRODUCT_NAME = "$(TARGET_NAME)";
				SWIFT_EMIT_LOC_STRINGS = YES;
				SWIFT_VERSION = 5.0;
				TARGETED_DEVICE_FAMILY = "1,2";
			};
			name = Debug;
		};
		65DC87E328E487580005A821 /* Release */ = {
			isa = XCBuildConfiguration;
			buildSettings = {
				ASSETCATALOG_COMPILER_APPICON_NAME = AppIcon;
				ASSETCATALOG_COMPILER_GLOBAL_ACCENT_COLOR_NAME = AccentColor;
				CODE_SIGN_STYLE = Automatic;
				CURRENT_PROJECT_VERSION = 1;
				DEVELOPMENT_ASSET_PATHS = "\"HW2/Preview Content\"";
				DEVELOPMENT_TEAM = LGX8P48XXH;
				ENABLE_PREVIEWS = YES;
				GENERATE_INFOPLIST_FILE = YES;
				INFOPLIST_KEY_UIApplicationSceneManifest_Generation = YES;
				INFOPLIST_KEY_UIApplicationSupportsIndirectInputEvents = YES;
				INFOPLIST_KEY_UILaunchScreen_Generation = YES;
				INFOPLIST_KEY_UISupportedInterfaceOrientations_iPad = "UIInterfaceOrientationPortrait UIInterfaceOrientationPortraitUpsideDown UIInterfaceOrientationLandscapeLeft UIInterfaceOrientationLandscapeRight";
				INFOPLIST_KEY_UISupportedInterfaceOrientations_iPhone = "UIInterfaceOrientationPortrait UIInterfaceOrientationLandscapeLeft UIInterfaceOrientationLandscapeRight";
				LD_RUNPATH_SEARCH_PATHS = (
					"$(inherited)",
					"@executable_path/Frameworks",
				);
				MARKETING_VERSION = 1.0;
				PRODUCT_BUNDLE_IDENTIFIER = Tommy.HW2;
				PRODUCT_NAME = "$(TARGET_NAME)";
				SWIFT_EMIT_LOC_STRINGS = YES;
				SWIFT_VERSION = 5.0;
				TARGETED_DEVICE_FAMILY = "1,2";
			};
			name = Release;
		};
		65DC87E528E487580005A821 /* Debug */ = {
			isa = XCBuildConfiguration;
			buildSettings = {
				ALWAYS_EMBED_SWIFT_STANDARD_LIBRARIES = YES;
				BUNDLE_LOADER = "$(TEST_HOST)";
				CODE_SIGN_STYLE = Automatic;
				CURRENT_PROJECT_VERSION = 1;
				DEVELOPMENT_TEAM = LGX8P48XXH;
				GENERATE_INFOPLIST_FILE = YES;
				IPHONEOS_DEPLOYMENT_TARGET = 16.0;
				MARKETING_VERSION = 1.0;
				PRODUCT_BUNDLE_IDENTIFIER = Tommy.HW2Tests;
				PRODUCT_NAME = "$(TARGET_NAME)";
				SWIFT_EMIT_LOC_STRINGS = NO;
				SWIFT_VERSION = 5.0;
				TARGETED_DEVICE_FAMILY = "1,2";
				TEST_HOST = "$(BUILT_PRODUCTS_DIR)/HW2.app/$(BUNDLE_EXECUTABLE_FOLDER_PATH)/HW2";
			};
			name = Debug;
		};
		65DC87E628E487580005A821 /* Release */ = {
			isa = XCBuildConfiguration;
			buildSettings = {
				ALWAYS_EMBED_SWIFT_STANDARD_LIBRARIES = YES;
				BUNDLE_LOADER = "$(TEST_HOST)";
				CODE_SIGN_STYLE = Automatic;
				CURRENT_PROJECT_VERSION = 1;
				DEVELOPMENT_TEAM = LGX8P48XXH;
				GENERATE_INFOPLIST_FILE = YES;
				IPHONEOS_DEPLOYMENT_TARGET = 16.0;
				MARKETING_VERSION = 1.0;
				PRODUCT_BUNDLE_IDENTIFIER = Tommy.HW2Tests;
				PRODUCT_NAME = "$(TARGET_NAME)";
				SWIFT_EMIT_LOC_STRINGS = NO;
				SWIFT_VERSION = 5.0;
				TARGETED_DEVICE_FAMILY = "1,2";
				TEST_HOST = "$(BUILT_PRODUCTS_DIR)/HW2.app/$(BUNDLE_EXECUTABLE_FOLDER_PATH)/HW2";
			};
			name = Release;
		};
		65DC87E828E487580005A821 /* Debug */ = {
			isa = XCBuildConfiguration;
			buildSettings = {
				ALWAYS_EMBED_SWIFT_STANDARD_LIBRARIES = YES;
				CODE_SIGN_STYLE = Automatic;
				CURRENT_PROJECT_VERSION = 1;
				DEVELOPMENT_TEAM = LGX8P48XXH;
				GENERATE_INFOPLIST_FILE = YES;
				MARKETING_VERSION = 1.0;
				PRODUCT_BUNDLE_IDENTIFIER = Tommy.HW2UITests;
				PRODUCT_NAME = "$(TARGET_NAME)";
				SWIFT_EMIT_LOC_STRINGS = NO;
				SWIFT_VERSION = 5.0;
				TARGETED_DEVICE_FAMILY = "1,2";
				TEST_TARGET_NAME = HW2;
			};
			name = Debug;
		};
		65DC87E928E487580005A821 /* Release */ = {
			isa = XCBuildConfiguration;
			buildSettings = {
				ALWAYS_EMBED_SWIFT_STANDARD_LIBRARIES = YES;
				CODE_SIGN_STYLE = Automatic;
				CURRENT_PROJECT_VERSION = 1;
				DEVELOPMENT_TEAM = LGX8P48XXH;
				GENERATE_INFOPLIST_FILE = YES;
				MARKETING_VERSION = 1.0;
				PRODUCT_BUNDLE_IDENTIFIER = Tommy.HW2UITests;
				PRODUCT_NAME = "$(TARGET_NAME)";
				SWIFT_EMIT_LOC_STRINGS = NO;
				SWIFT_VERSION = 5.0;
				TARGETED_DEVICE_FAMILY = "1,2";
				TEST_TARGET_NAME = HW2;
			};
			name = Release;
		};
/* End XCBuildConfiguration section */

/* Begin XCConfigurationList section */
		65DC87B828E487570005A821 /* Build configuration list for PBXProject "HW2" */ = {
			isa = XCConfigurationList;
			buildConfigurations = (
				65DC87DF28E487580005A821 /* Debug */,
				65DC87E028E487580005A821 /* Release */,
			);
			defaultConfigurationIsVisible = 0;
			defaultConfigurationName = Release;
		};
		65DC87E128E487580005A821 /* Build configuration list for PBXNativeTarget "HW2" */ = {
			isa = XCConfigurationList;
			buildConfigurations = (
				65DC87E228E487580005A821 /* Debug */,
				65DC87E328E487580005A821 /* Release */,
			);
			defaultConfigurationIsVisible = 0;
			defaultConfigurationName = Release;
		};
		65DC87E428E487580005A821 /* Build configuration list for PBXNativeTarget "HW2Tests" */ = {
			isa = XCConfigurationList;
			buildConfigurations = (
				65DC87E528E487580005A821 /* Debug */,
				65DC87E628E487580005A821 /* Release */,
			);
			defaultConfigurationIsVisible = 0;
			defaultConfigurationName = Release;
		};
		65DC87E728E487580005A821 /* Build configuration list for PBXNativeTarget "HW2UITests" */ = {
			isa = XCConfigurationList;
			buildConfigurations = (
				65DC87E828E487580005A821 /* Debug */,
				65DC87E928E487580005A821 /* Release */,
			);
			defaultConfigurationIsVisible = 0;
			defaultConfigurationName = Release;
		};
/* End XCConfigurationList section */
	};
	rootObject = 65DC87B528E487570005A821 /* Project object */;
}
